
Microsoft Visual Studio Solution File, Format Version 12.00
# Visual Studio Version 16
VisualStudioVersion = 16.0.31105.61
MinimumVisualStudioVersion = 10.0.40219.1
Project("{8BC9CEB8-8B4A-11D0-8D11-00A0C91BC942}") = "TIC TAC TOE fat", "TIC TAC TOE fat\TIC TAC TOE fat.vcxproj", "{1C135D51-EE6D-416A-8782-D519F4B84C64}"
EndProject
Global
	GlobalSection(SolutionConfigurationPlatforms) = preSolution
		Debug|x64 = Debug|x64
		Debug|x86 = Debug|x86
		Release|x64 = Release|x64
		Release|x86 = Release|x86
	EndGlobalSection
	GlobalSection(ProjectConfigurationPlatforms) = postSolution
		{1C135D51-EE6D-416A-8782-D519F4B84C64}.Debug|x64.ActiveCfg = Debug|x64
		{1C135D51-EE6D-416A-8782-D519F4B84C64}.Debug|x64.Build.0 = Debug|x64
		{1C135D51-EE6D-416A-8782-D519F4B84C64}.Debug|x86.ActiveCfg = Debug|Win32
		{1C135D51-EE6D-416A-8782-D519F4B84C64}.Debug|x86.Build.0 = Debug|Win32
		{1C135D51-EE6D-416A-8782-D519F4B84C64}.Release|x64.ActiveCfg = Release|x64
		{1C135D51-EE6D-416A-8782-D519F4B84C64}.Release|x64.Build.0 = Release|x64
		{1C135D51-EE6D-416A-8782-D519F4B84C64}.Release|x86.ActiveCfg = Release|Win32
		{1C135D51-EE6D-416A-8782-D519F4B84C64}.Release|x86.Build.0 = Release|Win32
	EndGlobalSection
	GlobalSection(SolutionProperties) = preSolution
		HideSolutionNode = FALSE
	EndGlobalSection
	GlobalSection(ExtensibilityGlobals) = postSolution
		SolutionGuid = {96D0C8D4-971C-4F36-B93A-A00A62895F1E}
	EndGlobalSection
EndGlobal
